
Microsoft Visual Studio Solution File, Format Version 12.00
# Visual Studio Version 16
VisualStudioVersion = 16.0.30717.126
MinimumVisualStudioVersion = 10.0.40219.1
Project("{FAE04EC0-301F-11D3-BF4B-00C04F79EFBC}") = "WoWSecurityThing", "WoWSecurityThing.csproj", "{82FC9803-F94B-4A77-A88C-84774949271F}"
EndProject
Global
	GlobalSection(SolutionConfigurationPlatforms) = preSolution
		Debug|Any CPU = Debug|Any CPU
		Release|Any CPU = Release|Any CPU
	EndGlobalSection
	GlobalSection(ProjectConfigurationPlatforms) = postSolution
		{82FC9803-F94B-4A77-A88C-84774949271F}.Debug|Any CPU.ActiveCfg = Debug|Any CPU
		{82FC9803-F94B-4A77-A88C-84774949271F}.Debug|Any CPU.Build.0 = Debug|Any CPU
		{82FC9803-F94B-4A77-A88C-84774949271F}.Release|Any CPU.ActiveCfg = Release|Any CPU
		{82FC9803-F94B-4A77-A88C-84774949271F}.Release|Any CPU.Build.0 = Release|Any CPU
	EndGlobalSection
	GlobalSection(SolutionProperties) = preSolution
		HideSolutionNode = FALSE
	EndGlobalSection
	GlobalSection(ExtensibilityGlobals) = postSolution
		SolutionGuid = {51C13579-4385-4F6A-B975-8AF566CD746A}
	EndGlobalSection
EndGlobal
